
Microsoft Visual Studio Solution File, Format Version 12.00
# Visual Studio Version 17
VisualStudioVersion = 17.3.32922.545
MinimumVisualStudioVersion = 10.0.40219.1
Project("{8BC9CEB8-8B4A-11D0-8D11-00A0C91BC942}") = "WaveFunctionCollapse", "WaveFunctionCollapse.vcxproj", "{77F85960-CFB5-410B-94BE-8627FC713F5D}"
EndProject
Global
	GlobalSection(SolutionConfigurationPlatforms) = preSolution
		Debug|x64 = Debug|x64
		Debug|x86 = Debug|x86
		Release|x64 = Release|x64
		Release|x86 = Release|x86
	EndGlobalSection
	GlobalSection(ProjectConfigurationPlatforms) = postSolution
		{77F85960-CFB5-410B-94BE-8627FC713F5D}.Debug|x64.ActiveCfg = Debug|x64
		{77F85960-CFB5-410B-94BE-8627FC713F5D}.Debug|x64.Build.0 = Debug|x64
		{77F85960-CFB5-410B-94BE-8627FC713F5D}.Debug|x86.ActiveCfg = Debug|Win32
		{77F85960-CFB5-410B-94BE-8627FC713F5D}.Debug|x86.Build.0 = Debug|Win32
		{77F85960-CFB5-410B-94BE-8627FC713F5D}.Release|x64.ActiveCfg = Release|x64
		{77F85960-CFB5-410B-94BE-8627FC713F5D}.Release|x64.Build.0 = Release|x64
		{77F85960-CFB5-410B-94BE-8627FC713F5D}.Release|x86.ActiveCfg = Release|Win32
		{77F85960-CFB5-410B-94BE-8627FC713F5D}.Release|x86.Build.0 = Release|Win32
	EndGlobalSection
	GlobalSection(SolutionProperties) = preSolution
		HideSolutionNode = FALSE
	EndGlobalSection
	GlobalSection(ExtensibilityGlobals) = postSolution
		SolutionGuid = {CA06507A-0E79-49E1-8B6B-8DA14D332800}
	EndGlobalSection
EndGlobal
